
Microsoft Visual Studio Solution File, Format Version 12.00
# Visual Studio Version 17
VisualStudioVersion = 17.8.34511.84
MinimumVisualStudioVersion = 10.0.40219.1
Project("{8BC9CEB8-8B4A-11D0-8D11-00A0C91BC942}") = "Project19", "Project19\Project19.vcxproj", "{F09DDE9D-46FC-46DD-972F-21FCBF88F61C}"
EndProject
Global
	GlobalSection(SolutionConfigurationPlatforms) = preSolution
		Debug|x64 = Debug|x64
		Debug|x86 = Debug|x86
		Release|x64 = Release|x64
		Release|x86 = Release|x86
	EndGlobalSection
	GlobalSection(ProjectConfigurationPlatforms) = postSolution
		{F09DDE9D-46FC-46DD-972F-21FCBF88F61C}.Debug|x64.ActiveCfg = Debug|x64
		{F09DDE9D-46FC-46DD-972F-21FCBF88F61C}.Debug|x64.Build.0 = Debug|x64
		{F09DDE9D-46FC-46DD-972F-21FCBF88F61C}.Debug|x86.ActiveCfg = Debug|Win32
		{F09DDE9D-46FC-46DD-972F-21FCBF88F61C}.Debug|x86.Build.0 = Debug|Win32
		{F09DDE9D-46FC-46DD-972F-21FCBF88F61C}.Release|x64.ActiveCfg = Release|x64
		{F09DDE9D-46FC-46DD-972F-21FCBF88F61C}.Release|x64.Build.0 = Release|x64
		{F09DDE9D-46FC-46DD-972F-21FCBF88F61C}.Release|x86.ActiveCfg = Release|Win32
		{F09DDE9D-46FC-46DD-972F-21FCBF88F61C}.Release|x86.Build.0 = Release|Win32
	EndGlobalSection
	GlobalSection(SolutionProperties) = preSolution
		HideSolutionNode = FALSE
	EndGlobalSection
	GlobalSection(ExtensibilityGlobals) = postSolution
		SolutionGuid = {1FDA0D29-0480-4B4D-8ABD-7D193457312E}
	EndGlobalSection
EndGlobal
